
Microsoft Visual Studio Solution File, Format Version 12.00
# Visual Studio Version 16
VisualStudioVersion = 16.0.30225.117
MinimumVisualStudioVersion = 10.0.40219.1
Project("{FAE04EC0-301F-11D3-BF4B-00C04F79EFBC}") = "exportarBaseDatosVinculacion", "exportarBaseDatosVinculacion\exportarBaseDatosVinculacion.csproj", "{F72CAEB6-B60B-4943-B50F-6EAD96BFB9AE}"
EndProject
Global
	GlobalSection(SolutionConfigurationPlatforms) = preSolution
		Debug|Any CPU = Debug|Any CPU
		Release|Any CPU = Release|Any CPU
	EndGlobalSection
	GlobalSection(ProjectConfigurationPlatforms) = postSolution
		{F72CAEB6-B60B-4943-B50F-6EAD96BFB9AE}.Debug|Any CPU.ActiveCfg = Debug|Any CPU
		{F72CAEB6-B60B-4943-B50F-6EAD96BFB9AE}.Debug|Any CPU.Build.0 = Debug|Any CPU
		{F72CAEB6-B60B-4943-B50F-6EAD96BFB9AE}.Release|Any CPU.ActiveCfg = Release|Any CPU
		{F72CAEB6-B60B-4943-B50F-6EAD96BFB9AE}.Release|Any CPU.Build.0 = Release|Any CPU
	EndGlobalSection
	GlobalSection(SolutionProperties) = preSolution
		HideSolutionNode = FALSE
	EndGlobalSection
	GlobalSection(ExtensibilityGlobals) = postSolution
		SolutionGuid = {3989953B-ABEE-4B35-8AEE-6B128D7E806E}
	EndGlobalSection
EndGlobal
